<?xml version="1.0" encoding="utf-8"?>
<Project ToolsVersion="4.0" xmlns="http://schemas.microsoft.com/developer/msbuild/2003">
  <ItemGroup>
    <Filter Include="リソース ファイル">
      <UniqueIdentifier>{67DA6AB6-F800-4c08-8B7A-83BB121AAD01}</UniqueIdentifier>
      <Extensions>rc;ico;cur;bmp;dlg;rc2;rct;bin;rgs;gif;jpg;jpeg;jpe;resx;tiff;tif;png;wav;mfcribbon-ms</Extensions>
    </Filter>
    <Filter Include="manager">
      <UniqueIdentifier>{1124963f-99be-4367-a006-db6541c4d00d}</UniqueIdentifier>
    </Filter>
    <Filter Include="scene">
      <UniqueIdentifier>{b2add5b1-2d05-4a0f-a178-5b2c81dc46da}</UniqueIdentifier>
    </Filter>
    <Filter Include="character">
      <UniqueIdentifier>{c268d89c-acee-443a-8799-1fad93812c64}</UniqueIdentifier>
    </Filter>
  </ItemGroup>
  <ItemGroup>
    <ClCompile Include="CONTAINER.cpp">
      <Filter>manager</Filter>
    </ClCompile>
    <ClCompile Include="GAME.cpp">
      <Filter>manager</Filter>
    </ClCompile>
    <ClCompile Include="GAME_OBJECT.cpp">
      <Filter>manager</Filter>
    </ClCompile>
    <ClCompile Include="SCENE.cpp">
      <Filter>scene</Filter>
    </ClCompile>
    <ClCompile Include="main.cpp">
      <Filter>manager</Filter>
    </ClCompile>
    <ClCompile Include="PLAYER.cpp" />
    <ClCompile Include="TITLE.cpp">
      <Filter>scene</Filter>
    </ClCompile>
    <ClCompile Include="GAME_OVER.cpp">
      <Filter>scene</Filter>
    </ClCompile>
    <ClCompile Include="GAME_CLEAR.cpp">
      <Filter>scene</Filter>
    </ClCompile>
    <ClCompile Include="FIXED_STAGE.cpp">
      <Filter>scene</Filter>
    </ClCompile>
    <ClCompile Include="AUTO_STAGE.cpp">
      <Filter>scene</Filter>
    </ClCompile>
  </ItemGroup>
  <ItemGroup>
    <ResourceCompile Include="resource.rc">
      <Filter>リソース ファイル</Filter>
    </ResourceCompile>
  </ItemGroup>
  <ItemGroup>
    <ClInclude Include="CONTAINER.h">
      <Filter>manager</Filter>
    </ClInclude>
    <ClInclude Include="GAME.h">
      <Filter>manager</Filter>
    </ClInclude>
    <ClInclude Include="SCENE.h">
      <Filter>scene</Filter>
    </ClInclude>
    <ClInclude Include="GAME_OBJECT.h">
      <Filter>manager</Filter>
    </ClInclude>
    <ClInclude Include="PLAYER.h" />
    <ClInclude Include="TITLE.h">
      <Filter>scene</Filter>
    </ClInclude>
    <ClInclude Include="GAME_OVER.h">
      <Filter>scene</Filter>
    </ClInclude>
    <ClInclude Include="GAME_CLEAR.h">
      <Filter>scene</Filter>
    </ClInclude>
    <ClInclude Include="FIXED_STAGE.h">
      <Filter>scene</Filter>
    </ClInclude>
    <ClInclude Include="AUTO_STAGE.h">
      <Filter>scene</Filter>
    </ClInclude>
  </ItemGroup>
</Project>